
Microsoft Visual Studio Solution File, Format Version 11.00
# Visual Studio 2010
Project("{FAE04EC0-301F-11D3-BF4B-00C04F79EFBC}") = "Cottle", "Cottle\Cottle.csproj", "{E470D87D-19CB-4B4D-8C64-30C8DCA97755}"
EndProject
Project("{FAE04EC0-301F-11D3-BF4B-00C04F79EFBC}") = "Demo", "Demo\Demo.csproj", "{55D11299-1D83-48F3-BCDC-966017C44CC9}"
EndProject
Global
	GlobalSection(SolutionConfigurationPlatforms) = preSolution
		Debug|Any CPU = Debug|Any CPU
		Debug|Mixed Platforms = Debug|Mixed Platforms
		Debug|x86 = Debug|x86
		Release|Any CPU = Release|Any CPU
		Release|Mixed Platforms = Release|Mixed Platforms
		Release|x86 = Release|x86
	EndGlobalSection
	GlobalSection(ProjectConfigurationPlatforms) = postSolution
		{E470D87D-19CB-4B4D-8C64-30C8DCA97755}.Debug|Any CPU.ActiveCfg = Debug|Any CPU
		{E470D87D-19CB-4B4D-8C64-30C8DCA97755}.Debug|Any CPU.Build.0 = Debug|Any CPU
		{E470D87D-19CB-4B4D-8C64-30C8DCA97755}.Debug|Mixed Platforms.ActiveCfg = Debug|Any CPU
		{E470D87D-19CB-4B4D-8C64-30C8DCA97755}.Debug|Mixed Platforms.Build.0 = Debug|Any CPU
		{E470D87D-19CB-4B4D-8C64-30C8DCA97755}.Debug|x86.ActiveCfg = Debug|Any CPU
		{E470D87D-19CB-4B4D-8C64-30C8DCA97755}.Release|Any CPU.ActiveCfg = Release|Any CPU
		{E470D87D-19CB-4B4D-8C64-30C8DCA97755}.Release|Any CPU.Build.0 = Release|Any CPU
		{E470D87D-19CB-4B4D-8C64-30C8DCA97755}.Release|Mixed Platforms.ActiveCfg = Release|Any CPU
		{E470D87D-19CB-4B4D-8C64-30C8DCA97755}.Release|Mixed Platforms.Build.0 = Release|Any CPU
		{E470D87D-19CB-4B4D-8C64-30C8DCA97755}.Release|x86.ActiveCfg = Release|Any CPU
		{55D11299-1D83-48F3-BCDC-966017C44CC9}.Debug|Any CPU.ActiveCfg = Debug|x86
		{55D11299-1D83-48F3-BCDC-966017C44CC9}.Debug|Any CPU.Build.0 = Debug|x86
		{55D11299-1D83-48F3-BCDC-966017C44CC9}.Debug|Mixed Platforms.ActiveCfg = Debug|x86
		{55D11299-1D83-48F3-BCDC-966017C44CC9}.Debug|Mixed Platforms.Build.0 = Debug|x86
		{55D11299-1D83-48F3-BCDC-966017C44CC9}.Debug|x86.ActiveCfg = Debug|x86
		{55D11299-1D83-48F3-BCDC-966017C44CC9}.Debug|x86.Build.0 = Debug|x86
		{55D11299-1D83-48F3-BCDC-966017C44CC9}.Release|Any CPU.ActiveCfg = Release|x86
		{55D11299-1D83-48F3-BCDC-966017C44CC9}.Release|Any CPU.Build.0 = Release|x86
		{55D11299-1D83-48F3-BCDC-966017C44CC9}.Release|Mixed Platforms.ActiveCfg = Release|x86
		{55D11299-1D83-48F3-BCDC-966017C44CC9}.Release|Mixed Platforms.Build.0 = Release|x86
		{55D11299-1D83-48F3-BCDC-966017C44CC9}.Release|x86.ActiveCfg = Release|x86
		{55D11299-1D83-48F3-BCDC-966017C44CC9}.Release|x86.Build.0 = Release|x86
	EndGlobalSection
	GlobalSection(SolutionProperties) = preSolution
		HideSolutionNode = FALSE
	EndGlobalSection
EndGlobal
